
Microsoft Visual Studio Solution File, Format Version 12.00
# Visual Studio Version 16
VisualStudioVersion = 16.0.30128.74
MinimumVisualStudioVersion = 10.0.40219.1
Project("{FAE04EC0-301F-11D3-BF4B-00C04F79EFBC}") = "PortalDeNoticias", "PortalDeNoticias\PortalDeNoticias.csproj", "{F9F47291-59FE-408C-A681-8DD8C6D3072A}"
EndProject
Global
	GlobalSection(SolutionConfigurationPlatforms) = preSolution
		Debug|Any CPU = Debug|Any CPU
		Release|Any CPU = Release|Any CPU
	EndGlobalSection
	GlobalSection(ProjectConfigurationPlatforms) = postSolution
		{F9F47291-59FE-408C-A681-8DD8C6D3072A}.Debug|Any CPU.ActiveCfg = Debug|Any CPU
		{F9F47291-59FE-408C-A681-8DD8C6D3072A}.Debug|Any CPU.Build.0 = Debug|Any CPU
		{F9F47291-59FE-408C-A681-8DD8C6D3072A}.Release|Any CPU.ActiveCfg = Release|Any CPU
		{F9F47291-59FE-408C-A681-8DD8C6D3072A}.Release|Any CPU.Build.0 = Release|Any CPU
	EndGlobalSection
	GlobalSection(SolutionProperties) = preSolution
		HideSolutionNode = FALSE
	EndGlobalSection
	GlobalSection(ExtensibilityGlobals) = postSolution
		SolutionGuid = {9C79629A-5272-40F1-B1DF-F8C9497DAD3E}
	EndGlobalSection
EndGlobal
